{
  "name": "lad-panoramic",
  "version": "1.0.0",
  "lockfileVersion": 1,
  "requires": true,
  "dependencies": {
    "@egjs/agent": {
      "version": "2.2.1",
      "resolved": "https://registry.npmjs.org/@egjs/agent/-/agent-2.2.1.tgz",
      "integrity": "sha512-SxrZbkYY/tdOmTLvuN/Jm5y/BgVw9l7H/jcdkI7DxO3Dv/6YFU20y+GYBGv+4rZTtmUs4luDucfHrU44IwWDOw=="
    },
    "@egjs/axes": {
      "version": "2.7.0",
      "resolved": "https://registry.npmjs.org/@egjs/axes/-/axes-2.7.0.tgz",
      "integrity": "sha512-KBbzvoVRMq0QSAykSxJsiQAO+JVObpNQz85STS0jARC8LnmvC1xcI8wivB12iNQI3TSK3PJVkb/d3GtAYpo4Hw==",
      "requires": {
        "@egjs/agent": "^2.1.5",
        "@egjs/component": "^2.1.2",
        "@egjs/hammerjs": "^2.0.15"
      }
    },
    "@egjs/component": {
      "version": "2.1.2",
      "resolved": "https://registry.npmjs.org/@egjs/component/-/component-2.1.2.tgz",
      "integrity": "sha512-7tnPiqxbSZ0porzlm0+/O3qZdanMj0zOq0sb17wQXuaRG49XKKKJaO+SacGnZDqf308N5hzJ0m9fZ4+j+VBvXA=="
    },
    "@egjs/hammerjs": {
      "version": "2.0.17",
      "resolved": "https://registry.npmjs.org/@egjs/hammerjs/-/hammerjs-2.0.17.tgz",
      "integrity": "sha512-XQsZgjm2EcVUiZQf11UBJQfmZeEmOW8DpI1gsFeln6w0ae0ii4dMQEQ0kjl6DspdWX1aGY1/loyXnP0JS06e/A==",
      "requires": {
        "@types/hammerjs": "^2.0.36"
      }
    },
    "@egjs/view360": {
      "version": "3.3.2",
      "resolved": "https://registry.npmjs.org/@egjs/view360/-/view360-3.3.2.tgz",
      "integrity": "sha512-hOqJmYYlWdOHX3fum2IpKHWYxjG39XmMoQ0Jq5o1taMWzo7L+2f71OMGsnlnw5SSSEED9B8jBYLDWOFYQkAV/Q==",
      "requires": {
        "@egjs/agent": "^2.1.5",
        "@egjs/axes": "^2.5.8",
        "@egjs/component": "^2.1.2",
        "es6-promise": "^4.2.5",
        "gl-matrix": "^3.1.0",
        "motion-sensors-polyfill": "^0.3.1",
        "webvr-polyfill": "^0.9.41"
      }
    },
    "@types/hammerjs": {
      "version": "2.0.36",
      "resolved": "https://registry.npmjs.org/@types/hammerjs/-/hammerjs-2.0.36.tgz",
      "integrity": "sha512-7TUK/k2/QGpEAv/BCwSHlYu3NXZhQ9ZwBYpzr9tjlPIL2C5BeGhH3DmVavRx3ZNyELX5TLC91JTz/cen6AAtIQ=="
    },
    "es6-promise": {
      "version": "4.2.8",
      "resolved": "https://registry.npmjs.org/es6-promise/-/es6-promise-4.2.8.tgz",
      "integrity": "sha512-HJDGx5daxeIvxdBxvG2cb9g4tEvwIk3i8+nhX0yGrYmZUzbkdg8QbDevheDB8gd0//uPj4c1EQua8Q+MViT0/w=="
    },
    "gl-matrix": {
      "version": "3.3.0",
      "resolved": "https://registry.npmjs.org/gl-matrix/-/gl-matrix-3.3.0.tgz",
      "integrity": "sha512-COb7LDz+SXaHtl/h4LeaFcNdJdAQSDeVqjiIihSXNrkWObZLhDI4hIkZC11Aeqp7bcE72clzB0BnDXr2SmslRA=="
    },
    "motion-sensors-polyfill": {
      "version": "0.3.1",
      "resolved": "https://registry.npmjs.org/motion-sensors-polyfill/-/motion-sensors-polyfill-0.3.1.tgz",
      "integrity": "sha1-+N/hhhS3GcddjEZpFKOTG/yMjR8="
    },
    "webvr-polyfill": {
      "version": "0.9.41",
      "resolved": "https://registry.npmjs.org/webvr-polyfill/-/webvr-polyfill-0.9.41.tgz",
      "integrity": "sha512-xgZPm7DXd2iUn4wh+/ubh1AzYWaHlx6VCmpxgTvoKzi1sMz9ePChQvsq1tm18aUfuzs6dtMrnNWoaQIwl81QsQ=="
    }
  }
}
